[[package]]
name = "evdev"
version = "1.3.0"
description = "Bindings to the Linux input handling subsystem"
category = "main"
optional = false
python-versions = "*"

[[package]]
name = "numpy"
version = "1.19.2"
description = "NumPy is the fundamental package for array computing with Python."
category = "main"
optional = false
python-versions = ">=3.6"

[[package]]
name = "onnxruntime"
version = "1.5.2"
description = "ONNX Runtime Python bindings"
category = "main"
optional = false
python-versions = "*"

[package.dependencies]
numpy = ">=1.16.6"
protobuf = "*"

[[package]]
name = "opencv-python"
version = "4.4.0.44"
description = "Wrapper package for OpenCV python bindings."
category = "main"
optional = false
python-versions = ">=3.6"

[package.dependencies]
numpy = ">=1.17.3"

[[package]]
name = "protobuf"
version = "3.13.0"
description = "Protocol Buffers"
category = "main"
optional = false
python-versions = "*"

[package.dependencies]
six = ">=1.9"

[[package]]
name = "pynput"
version = "1.7.1"
description = "Monitor and control user input devices"
category = "main"
optional = false
python-versions = "*"

[package.dependencies]
evdev = {version = ">=1.3", markers = "sys_platform in \"linux\""}
pyobjc-framework-Quartz = {version = ">=3.0", markers = "sys_platform == \"darwin\""}
python-xlib = {version = ">=0.17", markers = "sys_platform in \"linux\""}
six = "*"

[[package]]
name = "pyobjc-core"
version = "6.2.2"
description = "Python<->ObjC Interoperability Module"
category = "main"
optional = false
python-versions = ">=3.6"

[[package]]
name = "pyobjc-framework-cocoa"
version = "6.2.2"
description = "Wrappers for the Cocoa frameworks on macOS"
category = "main"
optional = false
python-versions = ">=3.6"

[package.dependencies]
pyobjc-core = ">=6.2.2"

[[package]]
name = "pyobjc-framework-quartz"
version = "6.2.2"
description = "Wrappers for the Quartz frameworks on macOS"
category = "main"
optional = false
python-versions = ">=3.6"

[package.dependencies]
pyobjc-core = ">=6.2.2"
pyobjc-framework-Cocoa = ">=6.2.2"

[[package]]
name = "python-xlib"
version = "0.28"
description = "Python X Library"
category = "main"
optional = false
python-versions = "*"

[package.dependencies]
six = ">=1.10.0"

[[package]]
name = "six"
version = "1.15.0"
description = "Python 2 and 3 compatibility utilities"
category = "main"
optional = false
python-versions = ">=2.7, !=3.0.*, !=3.1.*, !=3.2.*"

[metadata]
lock-version = "1.1"
python-versions = "^3.6.1"
content-hash = "ea9a8aabdfe0b7bfeae58f88baf362862c1f4889c6c1fd4f649cc157898c84f1"

[metadata.files]
evdev = [
    {file = "evdev-1.3.0.tar.gz", hash = "sha256:b1c649b4fed7252711011da235782b2c260b32e004058d62473471e5cd30634d"},
]
numpy = [
    {file = "numpy-1.19.2-cp36-cp36m-macosx_10_9_x86_64.whl", hash = "sha256:b594f76771bc7fc8a044c5ba303427ee67c17a09b36e1fa32bde82f5c419d17a"},
    {file = "numpy-1.19.2-cp36-cp36m-manylinux1_i686.whl", hash = "sha256:e6ddbdc5113628f15de7e4911c02aed74a4ccff531842c583e5032f6e5a179bd"},
    {file = "numpy-1.19.2-cp36-cp36m-manylinux1_x86_64.whl", hash = "sha256:3733640466733441295b0d6d3dcbf8e1ffa7e897d4d82903169529fd3386919a"},
    {file = "numpy-1.19.2-cp36-cp36m-manylinux2010_i686.whl", hash = "sha256:4339741994c775396e1a274dba3609c69ab0f16056c1077f18979bec2a2c2e6e"},
    {file = "numpy-1.19.2-cp36-cp36m-manylinux2010_x86_64.whl", hash = "sha256:7c6646314291d8f5ea900a7ea9c4261f834b5b62159ba2abe3836f4fa6705526"},
    {file = "numpy-1.19.2-cp36-cp36m-manylinux2014_aarch64.whl", hash = "sha256:7118f0a9f2f617f921ec7d278d981244ba83c85eea197be7c5a4f84af80a9c3c"},
    {file = "numpy-1.19.2-cp36-cp36m-win32.whl", hash = "sha256:9a3001248b9231ed73894c773142658bab914645261275f675d86c290c37f66d"},
    {file = "numpy-1.19.2-cp36-cp36m-win_amd64.whl", hash = "sha256:967c92435f0b3ba37a4257c48b8715b76741410467e2bdb1097e8391fccfae15"},
    {file = "numpy-1.19.2-cp37-cp37m-macosx_10_9_x86_64.whl", hash = "sha256:d526fa58ae4aead839161535d59ea9565863bb0b0bdb3cc63214613fb16aced4"},
    {file = "numpy-1.19.2-cp37-cp37m-manylinux1_i686.whl", hash = "sha256:eb25c381d168daf351147713f49c626030dcff7a393d5caa62515d415a6071d8"},
    {file = "numpy-1.19.2-cp37-cp37m-manylinux1_x86_64.whl", hash = "sha256:62139af94728d22350a571b7c82795b9d59be77fc162414ada6c8b6a10ef5d02"},
    {file = "numpy-1.19.2-cp37-cp37m-manylinux2010_i686.whl", hash = "sha256:0c66da1d202c52051625e55a249da35b31f65a81cb56e4c69af0dfb8fb0125bf"},
    {file = "numpy-1.19.2-cp37-cp37m-manylinux2010_x86_64.whl", hash = "sha256:2117536e968abb7357d34d754e3733b0d7113d4c9f1d921f21a3d96dec5ff716"},
    {file = "numpy-1.19.2-cp37-cp37m-manylinux2014_aarch64.whl", hash = "sha256:54045b198aebf41bf6bf4088012777c1d11703bf74461d70cd350c0af2182e45"},
    {file = "numpy-1.19.2-cp37-cp37m-win32.whl", hash = "sha256:aba1d5daf1144b956bc87ffb87966791f5e9f3e1f6fab3d7f581db1f5b598f7a"},
    {file = "numpy-1.19.2-cp37-cp37m-win_amd64.whl", hash = "sha256:addaa551b298052c16885fc70408d3848d4e2e7352de4e7a1e13e691abc734c1"},
    {file = "numpy-1.19.2-cp38-cp38-macosx_10_9_x86_64.whl", hash = "sha256:58d66a6b3b55178a1f8a5fe98df26ace76260a70de694d99577ddeab7eaa9a9d"},
    {file = "numpy-1.19.2-cp38-cp38-manylinux1_i686.whl", hash = "sha256:59f3d687faea7a4f7f93bd9665e5b102f32f3fa28514f15b126f099b7997203d"},
    {file = "numpy-1.19.2-cp38-cp38-manylinux1_x86_64.whl", hash = "sha256:cebd4f4e64cfe87f2039e4725781f6326a61f095bc77b3716502bed812b385a9"},
    {file = "numpy-1.19.2-cp38-cp38-manylinux2010_i686.whl", hash = "sha256:c35a01777f81e7333bcf276b605f39c872e28295441c265cd0c860f4b40148c1"},
    {file = "numpy-1.19.2-cp38-cp38-manylinux2010_x86_64.whl", hash = "sha256:d7ac33585e1f09e7345aa902c281bd777fdb792432d27fca857f39b70e5dd31c"},
    {file = "numpy-1.19.2-cp38-cp38-manylinux2014_aarch64.whl", hash = "sha256:04c7d4ebc5ff93d9822075ddb1751ff392a4375e5885299445fcebf877f179d5"},
    {file = "numpy-1.19.2-cp38-cp38-win32.whl", hash = "sha256:51ee93e1fac3fe08ef54ff1c7f329db64d8a9c5557e6c8e908be9497ac76374b"},
    {file = "numpy-1.19.2-cp38-cp38-win_amd64.whl", hash = "sha256:1669ec8e42f169ff715a904c9b2105b6640f3f2a4c4c2cb4920ae8b2785dac65"},
    {file = "numpy-1.19.2-pp36-pypy36_pp73-manylinux2010_x86_64.whl", hash = "sha256:0bfd85053d1e9f60234f28f63d4a5147ada7f432943c113a11afcf3e65d9d4c8"},
    {file = "numpy-1.19.2.zip", hash = "sha256:0d310730e1e793527065ad7dde736197b705d0e4c9999775f212b03c44a8484c"},
]
onnxruntime = [
    {file = "onnxruntime-1.5.2-cp35-cp35m-macosx_10_12_x86_64.whl", hash = "sha256:9ce8b166c7eba95fde87f87813804b7bc143c74d3b7c6b1f6010433424885dc8"},
    {file = "onnxruntime-1.5.2-cp35-cp35m-manylinux2014_aarch64.whl", hash = "sha256:cf895d4c2eaadd0ce86c97323ff4123bc8744e0283f95c272d291d6e645f31b1"},
    {file = "onnxruntime-1.5.2-cp35-cp35m-manylinux2014_x86_64.whl", hash = "sha256:b8e6c97a7691174bbe37e2be922857d2d626b6be6747d9e9a4a8b5d5bc3ae3f3"},
    {file = "onnxruntime-1.5.2-cp35-cp35m-win_amd64.whl", hash = "sha256:eea54734b4ff22847084c48354677acfa0155b4468b427076f5063af434fe6f4"},
    {file = "onnxruntime-1.5.2-cp36-cp36m-macosx_10_12_x86_64.whl", hash = "sha256:c8b245cc004f3a27c8857f1a8b28bb70c3ec3812c229bc74ee3a9a3130c9408a"},
    {file = "onnxruntime-1.5.2-cp36-cp36m-manylinux2014_aarch64.whl", hash = "sha256:c89026fe51b7687a2cc799151b56c78d514821e2721186a2be146372775cc3b9"},
    {file = "onnxruntime-1.5.2-cp36-cp36m-manylinux2014_x86_64.whl", hash = "sha256:8d7d1f0990386ee166b366288b6bb99961362e4574574bf892ba9c27dae435fb"},
    {file = "onnxruntime-1.5.2-cp36-cp36m-win_amd64.whl", hash = "sha256:2c31ad5bd9391c00773e05c3e6410f31e2b65ff280f5a1fe6f575c4c5d46a9f1"},
    {file = "onnxruntime-1.5.2-cp37-cp37m-macosx_10_12_x86_64.whl", hash = "sha256:700a57ac232aecdf1bf756113fb5693b4f7196d0a9898f456baa68ef30ea2656"},
    {file = "onnxruntime-1.5.2-cp37-cp37m-manylinux2014_aarch64.whl", hash = "sha256:f164d5ef9bfeb72feff4095a341c33366db309afb67b83784451e249782da990"},
    {file = "onnxruntime-1.5.2-cp37-cp37m-manylinux2014_x86_64.whl", hash = "sha256:bf43878c15ba6bb4a919e66057ecd2c5d6870dc7bfbd3e3a446d1ed481f4b023"},
    {file = "onnxruntime-1.5.2-cp37-cp37m-win_amd64.whl", hash = "sha256:fc481e9413d987fdf10aabf4eaa37f6c2e8752d61e8758b3a430e87e74d39140"},
    {file = "onnxruntime-1.5.2-cp38-cp38-macosx_10_12_x86_64.whl", hash = "sha256:651f1d7674b9c6c44209f1a0492b91f2d996b46392de45fca87e3919f5d92a0a"},
    {file = "onnxruntime-1.5.2-cp38-cp38-manylinux2014_x86_64.whl", hash = "sha256:edfac621a44bf0509c0ea767cf59bed712036f4fd0fc678dd68fa5a6fc07602f"},
    {file = "onnxruntime-1.5.2-cp38-cp38-win_amd64.whl", hash = "sha256:74935ad47b19f989c21788371e77b1d881493e65205192906647671402d2286a"},
]
opencv-python = [
    {file = "opencv-python-4.4.0.44.tar.gz", hash = "sha256:e87d88a820050c0e886c9add48eac2f80ff29207a98cca25869a6868c519daa4"},
    {file = "opencv_python-4.4.0.44-cp36-cp36m-macosx_10_13_x86_64.whl", hash = "sha256:69c971fefb633cfd334ed195d58e76e87f267649f98a2394f7400b178e918936"},
    {file = "opencv_python-4.4.0.44-cp36-cp36m-manylinux2014_i686.whl", hash = "sha256:80b5b68e9c5dda29205ca112e6d5bd647b6b43cf917cfa5ce178d61675291bba"},
    {file = "opencv_python-4.4.0.44-cp36-cp36m-manylinux2014_x86_64.whl", hash = "sha256:46032d4648c74730115f8522effda8ac39bd0385f07edc7aab57b41cc7617933"},
    {file = "opencv_python-4.4.0.44-cp36-cp36m-win32.whl", hash = "sha256:98676d349fdfc17dba9f23b87e9b6a639733d35f5f0ffcccb90e76c8200568f4"},
    {file = "opencv_python-4.4.0.44-cp36-cp36m-win_amd64.whl", hash = "sha256:27d5b83edd245a12dd6b8562569ad3f23e5ffe30cef8cfcc70756dd24b55d12f"},
    {file = "opencv_python-4.4.0.44-cp37-cp37m-macosx_10_13_x86_64.whl", hash = "sha256:b2147317b00b20e8d7e01201221af2b278aed449fa436316c42bc63f653e8245"},
    {file = "opencv_python-4.4.0.44-cp37-cp37m-manylinux2014_i686.whl", hash = "sha256:db74a92ef9c2a0810e1436d586b3b15d421a39b72f06263358f15c7a609498e0"},
    {file = "opencv_python-4.4.0.44-cp37-cp37m-manylinux2014_x86_64.whl", hash = "sha256:23dade76fe0194139112eea7ecdfa02ae09924b1d8d853f17f387a356519e484"},
    {file = "opencv_python-4.4.0.44-cp37-cp37m-win32.whl", hash = "sha256:fdf017c5b93d58ad77e2690e59322fd09414705c28d69b52fad4a19985422e6c"},
    {file = "opencv_python-4.4.0.44-cp37-cp37m-win_amd64.whl", hash = "sha256:e100a4ffdeed8c4afac6a5b3f6b4481efe0ad90e0a0ae2d129478abd4bd790bc"},
    {file = "opencv_python-4.4.0.44-cp38-cp38-macosx_10_13_x86_64.whl", hash = "sha256:d838ee4562f52793b1b10876e5067cae1a6bb1c3c575091644be9b88cf45d255"},
    {file = "opencv_python-4.4.0.44-cp38-cp38-manylinux2014_i686.whl", hash = "sha256:9df617736351100879b70d914366b9f9e38aa227885f2590b48badc4a233119d"},
    {file = "opencv_python-4.4.0.44-cp38-cp38-manylinux2014_x86_64.whl", hash = "sha256:2a2a7590b99d872b193cda0592b2c1cd6561159c31b361597c0e69e8926c8d16"},
    {file = "opencv_python-4.4.0.44-cp38-cp38-win32.whl", hash = "sha256:16864152aa6ac346ef83588d6f4f5dc974d27851c034d6970fcb7b6a98bbd318"},
    {file = "opencv_python-4.4.0.44-cp38-cp38-win_amd64.whl", hash = "sha256:4c195597d5286d1cc7259aeaeb7e6c1cde07fec9bddf26523eab1b15709291aa"},
]
protobuf = [
    {file = "protobuf-3.13.0-cp27-cp27m-macosx_10_9_x86_64.whl", hash = "sha256:9c2e63c1743cba12737169c447374fab3dfeb18111a460a8c1a000e35836b18c"},
    {file = "protobuf-3.13.0-cp27-cp27mu-manylinux1_x86_64.whl", hash = "sha256:1e834076dfef9e585815757a2c7e4560c7ccc5962b9d09f831214c693a91b463"},
    {file = "protobuf-3.13.0-cp35-cp35m-macosx_10_9_intel.whl", hash = "sha256:df3932e1834a64b46ebc262e951cd82c3cf0fa936a154f0a42231140d8237060"},
    {file = "protobuf-3.13.0-cp35-cp35m-manylinux1_x86_64.whl", hash = "sha256:8c35bcbed1c0d29b127c886790e9d37e845ffc2725cc1db4bd06d70f4e8359f4"},
    {file = "protobuf-3.13.0-cp35-cp35m-win32.whl", hash = "sha256:339c3a003e3c797bc84499fa32e0aac83c768e67b3de4a5d7a5a9aa3b0da634c"},
    {file = "protobuf-3.13.0-cp35-cp35m-win_amd64.whl", hash = "sha256:361acd76f0ad38c6e38f14d08775514fbd241316cce08deb2ce914c7dfa1184a"},
    {file = "protobuf-3.13.0-cp36-cp36m-macosx_10_9_x86_64.whl", hash = "sha256:9edfdc679a3669988ec55a989ff62449f670dfa7018df6ad7f04e8dbacb10630"},
    {file = "protobuf-3.13.0-cp36-cp36m-manylinux1_x86_64.whl", hash = "sha256:5db9d3e12b6ede5e601b8d8684a7f9d90581882925c96acf8495957b4f1b204b"},
    {file = "protobuf-3.13.0-cp36-cp36m-win32.whl", hash = "sha256:c8abd7605185836f6f11f97b21200f8a864f9cb078a193fe3c9e235711d3ff1e"},
    {file = "protobuf-3.13.0-cp36-cp36m-win_amd64.whl", hash = "sha256:4d1174c9ed303070ad59553f435846a2f877598f59f9afc1b89757bdf846f2a7"},
    {file = "protobuf-3.13.0-cp37-cp37m-macosx_10_9_x86_64.whl", hash = "sha256:0bba42f439bf45c0f600c3c5993666fcb88e8441d011fad80a11df6f324eef33"},
    {file = "protobuf-3.13.0-cp37-cp37m-manylinux1_x86_64.whl", hash = "sha256:c0c5ab9c4b1eac0a9b838f1e46038c3175a95b0f2d944385884af72876bd6bc7"},
    {file = "protobuf-3.13.0-cp37-cp37m-win32.whl", hash = "sha256:f68eb9d03c7d84bd01c790948320b768de8559761897763731294e3bc316decb"},
    {file = "protobuf-3.13.0-cp37-cp37m-win_amd64.whl", hash = "sha256:91c2d897da84c62816e2f473ece60ebfeab024a16c1751aaf31100127ccd93ec"},
    {file = "protobuf-3.13.0-cp38-cp38-macosx_10_9_x86_64.whl", hash = "sha256:3dee442884a18c16d023e52e32dd34a8930a889e511af493f6dc7d4d9bf12e4f"},
    {file = "protobuf-3.13.0-cp38-cp38-manylinux1_x86_64.whl", hash = "sha256:e7662437ca1e0c51b93cadb988f9b353fa6b8013c0385d63a70c8a77d84da5f9"},
    {file = "protobuf-3.13.0-py2.py3-none-any.whl", hash = "sha256:d69697acac76d9f250ab745b46c725edf3e98ac24763990b24d58c16c642947a"},
    {file = "protobuf-3.13.0.tar.gz", hash = "sha256:6a82e0c8bb2bf58f606040cc5814e07715b2094caeba281e2e7d0b0e2e397db5"},
]
pynput = [
    {file = "pynput-1.7.1-py2.py3-none-any.whl", hash = "sha256:b2b96cec8411a940a7f73da6965f13927d03d46fb5105c5bc63ed04f29b2b8f0"},
    {file = "pynput-1.7.1-py3.8.egg", hash = "sha256:452e1f23ed1c2e85e61b2daedc8b6a5481a696b1ed1b98ef0ab164038a104adf"},
    {file = "pynput-1.7.1.tar.gz", hash = "sha256:5a5598bfb14322eff980ac6ca820635fce9028faa4f64a8e1581243aaf6785ee"},
]
pyobjc-core = [
    {file = "pyobjc-core-6.2.2.tar.gz", hash = "sha256:38e7b15a042439dadd18b28b78229e52fb882460fc16ddbae342b9972d5a827c"},
    {file = "pyobjc_core-6.2.2-cp36-cp36m-macosx_10_9_x86_64.whl", hash = "sha256:73938398559b718595076fce4921022f21983dd85ebace3ecbe6182697abe164"},
    {file = "pyobjc_core-6.2.2-cp37-cp37m-macosx_10_9_x86_64.whl", hash = "sha256:60d0c57de915b6ed91a9a26e3bdefdcaeb1288623c69f291338208c5a227d190"},
    {file = "pyobjc_core-6.2.2-cp38-cp38-macosx_10_9_x86_64.whl", hash = "sha256:be312b7a0edb45dd8ea68e70f2b411b59677d4ceb513c48eace73cb78dbfd85f"},
    {file = "pyobjc_core-6.2.2-cp39-cp39-macosx_10_9_x86_64.whl", hash = "sha256:47a89171d218905dbf13011b1a7d698c246cb66fb5f14119bc0d9e039d0486fa"},
]
pyobjc-framework-cocoa = [
    {file = "pyobjc-framework-Cocoa-6.2.2.tar.gz", hash = "sha256:75821b98fb789d240bea7034c4f96396b2eac3e7b02428b4be9101fc899b7fc3"},
    {file = "pyobjc_framework_Cocoa-6.2.2-cp36-cp36m-macosx_10_9_x86_64.whl", hash = "sha256:779299f73b8b5a1dd0973b3b16bd706e1f67df44edfb3f3ca6e5e873591c0efc"},
    {file = "pyobjc_framework_Cocoa-6.2.2-cp37-cp37m-macosx_10_9_x86_64.whl", hash = "sha256:45e3011efbd8ab4eb4c7ee1f55a8b5ecb41cf66fa797aff0e9454060781645a0"},
    {file = "pyobjc_framework_Cocoa-6.2.2-cp38-cp38-macosx_10_9_x86_64.whl", hash = "sha256:2a5ab2e33cafe577592c31b2663f3b23f6e142fd717c8cf3826394a380cc4353"},
    {file = "pyobjc_framework_Cocoa-6.2.2-cp39-cp39-macosx_10_9_x86_64.whl", hash = "sha256:6f5e1d59f6e1f4be40dedf051925b8d90c561657c9ec2453652af033fe5c2bf0"},
]
pyobjc-framework-quartz = [
    {file = "pyobjc-framework-Quartz-6.2.2.tar.gz", hash = "sha256:5a56cfc0289061eaf33f04e3c73e749e04f177b0c1ee8749aa46e87d1e897cda"},
    {file = "pyobjc_framework_Quartz-6.2.2-cp36-cp36m-macosx_10_9_x86_64.whl", hash = "sha256:56d183dc32b11f15ceb0833a2a24953d1212264f07c274e2b8878e691eb72472"},
    {file = "pyobjc_framework_Quartz-6.2.2-cp37-cp37m-macosx_10_9_x86_64.whl", hash = "sha256:a57c7f50286d96ee7b9051c657a8607f0449949891cf0697be3efac76a97be7e"},
    {file = "pyobjc_framework_Quartz-6.2.2-cp38-cp38-macosx_10_9_x86_64.whl", hash = "sha256:552b15eb409f87d34870345feabe6695375a031d8c4063f175dbaa3422005160"},
    {file = "pyobjc_framework_Quartz-6.2.2-cp39-cp39-macosx_10_9_x86_64.whl", hash = "sha256:15f3c7b50d0543f66b927e28cd336c1a6962d58c9808799f49dcf30e4a1a13c2"},
]
python-xlib = [
    {file = "python-xlib-0.28.tar.gz", hash = "sha256:425f766173cdb30d0d61b416342ebecf312a1bf16c4d72ecd26b04667496067f"},
    {file = "python_xlib-0.28-py2.py3-none-any.whl", hash = "sha256:c0e9878ef936d9b8e331976f24bdcc0b1a03eb957401c7cd48047ba7c69dc922"},
]
six = [
    {file = "six-1.15.0-py2.py3-none-any.whl", hash = "sha256:8b74bedcbbbaca38ff6d7491d76f2b06b3592611af620f8426e82dddb04a5ced"},
    {file = "six-1.15.0.tar.gz", hash = "sha256:30639c035cdb23534cd4aa2dd52c3bf48f06e5f4a941509c8bafd8ce11080259"},
]
